Microsoft Visual Studio Solution File, Format Version 11.00
# Visual Studio 2010
Project("{FAE04EC0-301F-11D3-BF4B-00C04F79EFBC}") = "Assembly-CSharp", "Assembly-CSharp.csproj", "{ABB2E406-8CE8-2FD9-86B9-E9C941337C0A}"
EndProject
Global
	GlobalSection(SolutionConfigurationPlatforms) = preSolution
		Debug|Any CPU = Debug|Any CPU
		Release|Any CPU = Release|Any CPU
	EndGlobalSection
	GlobalSection(ProjectConfigurationPlatforms) = postSolution
		{ABB2E406-8CE8-2FD9-86B9-E9C941337C0A}.Debug|Any CPU.ActiveCfg = Debug|Any CPU
		{ABB2E406-8CE8-2FD9-86B9-E9C941337C0A}.Debug|Any CPU.Build.0 = Debug|Any CPU
		{ABB2E406-8CE8-2FD9-86B9-E9C941337C0A}.Release|Any CPU.ActiveCfg = Release|Any CPU
		{ABB2E406-8CE8-2FD9-86B9-E9C941337C0A}.Release|Any CPU.Build.0 = Release|Any CPU
	EndGlobalSection
	GlobalSection(SolutionProperties) = preSolution
		HideSolutionNode = FALSE
	EndGlobalSection
EndGlobal
